
Microsoft Visual Studio Solution File, Format Version 12.00
# Visual Studio Version 16
VisualStudioVersion = 16.0.808.3
MinimumVisualStudioVersion = 10.0.40219.1
Project("{FAE04EC0-301F-11D3-BF4B-00C04F79EFBC}") = "Beerhall", "Beerhall.csproj", "{D636014B-B8B3-48D0-82F1-DC115E734595}"
EndProject
Project("{FAE04EC0-301F-11D3-BF4B-00C04F79EFBC}") = "Beerhall.Tests", "Beerhall.Tests\Beerhall.Tests.csproj", "{43E2A5FE-20E7-4272-9430-98AB2F8BC9D8}"
EndProject
Global
	GlobalSection(SolutionConfigurationPlatforms) = preSolution
		Debug|Any CPU = Debug|Any CPU
		Release|Any CPU = Release|Any CPU
	EndGlobalSection
	GlobalSection(ProjectConfigurationPlatforms) = postSolution
		{D636014B-B8B3-48D0-82F1-DC115E734595}.Debug|Any CPU.ActiveCfg = Debug|Any CPU
		{D636014B-B8B3-48D0-82F1-DC115E734595}.Debug|Any CPU.Build.0 = Debug|Any CPU
		{D636014B-B8B3-48D0-82F1-DC115E734595}.Release|Any CPU.ActiveCfg = Release|Any CPU
		{D636014B-B8B3-48D0-82F1-DC115E734595}.Release|Any CPU.Build.0 = Release|Any CPU
		{43E2A5FE-20E7-4272-9430-98AB2F8BC9D8}.Debug|Any CPU.ActiveCfg = Debug|Any CPU
		{43E2A5FE-20E7-4272-9430-98AB2F8BC9D8}.Debug|Any CPU.Build.0 = Debug|Any CPU
		{43E2A5FE-20E7-4272-9430-98AB2F8BC9D8}.Release|Any CPU.ActiveCfg = Release|Any CPU
		{43E2A5FE-20E7-4272-9430-98AB2F8BC9D8}.Release|Any CPU.Build.0 = Release|Any CPU
	EndGlobalSection
	GlobalSection(SolutionProperties) = preSolution
		HideSolutionNode = FALSE
	EndGlobalSection
	GlobalSection(ExtensibilityGlobals) = postSolution
		SolutionGuid = {59AAF0D5-3DB3-4BB7-97FD-BA3BEF94DF9B}
	EndGlobalSection
EndGlobal
